github.com/michaelneuper/hugo-texify3 v0.0.0-20231108072202-3058960968ef h1:UQ7GNq4JDisAwym16nArIT7LE0SIGKQs0lqj900pGk4=
github.com/michaelneuper/hugo-texify3 v0.0.0-20231108072202-3058960968ef/go.mod h1:OLgVlYkX7N8YT/Qx//nu6Yemst3vx3jDUNTBTrIJIZE=
github.com/michaelneuper/hugo-texify3 v0.0.0-20231108193134-931ec8cf13e5 h1:o1U24PkkulIkrg5IG6ssXwdwZuPISEf7+21b2kVSS5M=
github.com/michaelneuper/hugo-texify3 v0.0.0-20231108193134-931ec8cf13e5/go.mod h1:OLgVlYkX7N8YT/Qx//nu6Yemst3vx3jDUNTBTrIJIZE=
github.com/michaelneuper/hugo-texify3 v0.0.0-20231109085612-50d2e32742c6 h1:dbCHTtYayxW5WhJT+roTyPs7uw3UtI4UWPUmYM+mgVc=
github.com/michaelneuper/hugo-texify3 v0.0.0-20231109085612-50d2e32742c6/go.mod h1:OLgVlYkX7N8YT/Qx//nu6Yemst3vx3jDUNTBTrIJIZE=
github.com/michaelneuper/hugo-texify3 v0.0.0-20231109133233-7aea7a5680b1 h1:u27EKaJaNRkalGMAU0mIJ+41kF9tUUS3qsYa0sxJZIQ=
github.com/michaelneuper/hugo-texify3 v0.0.0-20231109133233-7aea7a5680b1/go.mod h1:OLgVlYkX7N8YT/Qx//nu6Yemst3vx3jDUNTBTrIJIZE=
github.com/michaelneuper/hugo-texify3 v0.0.0-20231110103632-82079534d505 h1:cvCt/15GCvGtMhG81dX7L62AqhOsH4+Raprsy/mte8U=
github.com/michaelneuper/hugo-texify3 v0.0.0-20231110103632-82079534d505/go.mod h1:OLgVlYkX7N8YT/Qx//nu6Yemst3vx3jDUNTBTrIJIZE=
github.com/michaelneuper/hugo-texify3 v0.0.0-20231111084143-0e6aa69fec1a h1:3BRBqaeaKoPAwvJ7DwmMdWnCLoSsKjK1Ns9XORKhsAU=
github.com/michaelneuper/hugo-texify3 v0.0.0-20231111084143-0e6aa69fec1a/go.mod h1:OLgVlYkX7N8YT/Qx//nu6Yemst3vx3jDUNTBTrIJIZE=
github.com/michaelneuper/hugo-texify3 v0.0.0-20231111210813-726bb6ce6eed h1:rLQ1HPAjLYBlGOoHU6J033UuasT1HtCVraOFGATg7hg=
github.com/michaelneuper/hugo-texify3 v0.0.0-20231111210813-726bb6ce6eed/go.mod h1:OLgVlYkX7N8YT/Qx//nu6Yemst3vx3jDUNTBTrIJIZE=
github.com/michaelneuper/hugo-texify3 v0.0.0-20231111211613-1b2ea6c0315b h1:gxaW2ZfBlC2vWJs3kc9hLGNkYnxzVTkMC0TtacPIcCI=
github.com/michaelneuper/hugo-texify3 v0.0.0-20231111211613-1b2ea6c0315b/go.mod h1:OLgVlYkX7N8YT/Qx//nu6Yemst3vx3jDUNTBTrIJIZE=
github.com/michaelneuper/hugo-texify3 v0.0.0-20231116180805-f3085dd19adf h1:G4lbqz+MisgEL7jEeSCgLwrZ8TdlEw2IJkgLaqH38+o=
github.com/michaelneuper/hugo-texify3 v0.0.0-20231116180805-f3085dd19adf/go.mod h1:OLgVlYkX7N8YT/Qx//nu6Yemst3vx3jDUNTBTrIJIZE=
github.com/michaelneuper/hugo-texify3 v0.0.0-20241119231410-e0256e3543a1 h1:aa9nBDgCDiKourepM2G6l6t2earzF6a0diFCvDopKFg=
github.com/michaelneuper/hugo-texify3 v0.0.0-20241119231410-e0256e3543a1/go.mod h1:OLgVlYkX7N8YT/Qx//nu6Yemst3vx3jDUNTBTrIJIZE=
github.com/michaelneuper/hugo-texify3 v0.0.0-20250107174151-2a4b2f728715 h1:ZzfE6qTcYYZZ/D/GcFEfBb5dtrRF4ntKlK+3S2w4xqM=
github.com/michaelneuper/hugo-texify3 v0.0.0-20250107174151-2a4b2f728715/go.mod h1:OLgVlYkX7N8YT/Qx//nu6Yemst3vx3jDUNTBTrIJIZE=
